
Microsoft Visual Studio Solution File, Format Version 12.00
# Visual Studio 14
VisualStudioVersion = 14.0.23107.0
MinimumVisualStudioVersion = 10.0.40219.1
Project("{FAE04EC0-301F-11D3-BF4B-00C04F79EFBC}") = "SchoolSmallSystem", "school system\SchoolSmallSystem.csproj", "{4BDA9C60-8DF0-4110-B5D1-A1BC2428CD47}"
EndProject
Project("{FAE04EC0-301F-11D3-BF4B-00C04F79EFBC}") = "School", "schoollib\School.csproj", "{2E7E779D-DCE4-44A6-AB0A-4F123B63E4F0}"
EndProject
Global
	GlobalSection(SolutionConfigurationPlatforms) = preSolution
		Debug|Any CPU = Debug|Any CPU
		Release|Any CPU = Release|Any CPU
	EndGlobalSection
	GlobalSection(ProjectConfigurationPlatforms) = postSolution
		{4BDA9C60-8DF0-4110-B5D1-A1BC2428CD47}.Debug|Any CPU.ActiveCfg = Debug|Any CPU
		{4BDA9C60-8DF0-4110-B5D1-A1BC2428CD47}.Debug|Any CPU.Build.0 = Debug|Any CPU
		{4BDA9C60-8DF0-4110-B5D1-A1BC2428CD47}.Release|Any CPU.ActiveCfg = Release|Any CPU
		{4BDA9C60-8DF0-4110-B5D1-A1BC2428CD47}.Release|Any CPU.Build.0 = Release|Any CPU
		{2E7E779D-DCE4-44A6-AB0A-4F123B63E4F0}.Debug|Any CPU.ActiveCfg = Debug|Any CPU
		{2E7E779D-DCE4-44A6-AB0A-4F123B63E4F0}.Debug|Any CPU.Build.0 = Debug|Any CPU
		{2E7E779D-DCE4-44A6-AB0A-4F123B63E4F0}.Release|Any CPU.ActiveCfg = Release|Any CPU
		{2E7E779D-DCE4-44A6-AB0A-4F123B63E4F0}.Release|Any CPU.Build.0 = Release|Any CPU
	EndGlobalSection
	GlobalSection(SolutionProperties) = preSolution
		HideSolutionNode = FALSE
	EndGlobalSection
EndGlobal
